// !$*UTF8*$!
{
	archiveVersion = 1;
	classes = {
	};
	objectVersion = 46;
	objects = {

/* Begin PBXBuildFile section */
		3439037A213846DF005FCB75 /* InspiroBotAPI.swift in Sources */ = {isa = PBXBuildFile; fileRef = 34390379213846DF005FCB75 /* InspiroBotAPI.swift */; };
		3439037E21384CB8005FCB75 /* ImageLoader.swift in Sources */ = {isa = PBXBuildFile; fileRef = 3439037D21384CB8005FCB75 /* ImageLoader.swift */; };
		3439038021386598005FCB75 /* InspiroBotService.swift in Sources */ = {isa = PBXBuildFile; fileRef = 3439037F21386598005FCB75 /* InspiroBotService.swift */; };
		349D12912139B3FC00E8D7B8 /* FavoritesViewController.swift in Sources */ = {isa = PBXBuildFile; fileRef = 349D12872139B3FC00E8D7B8 /* FavoritesViewController.swift */; };
		349D12922139B3FC00E8D7B8 /* Favorites.storyboard in Resources */ = {isa = PBXBuildFile; fileRef = 349D12882139B3FC00E8D7B8 /* Favorites.storyboard */; };
		349D12932139B3FC00E8D7B8 /* Main.storyboard in Resources */ = {isa = PBXBuildFile; fileRef = 349D12892139B3FC00E8D7B8 /* Main.storyboard */; };
		349D12942139B3FC00E8D7B8 /* History.storyboard in Resources */ = {isa = PBXBuildFile; fileRef = 349D128B2139B3FC00E8D7B8 /* History.storyboard */; };
		349D12952139B3FC00E8D7B8 /* HistoryViewController.swift in Sources */ = {isa = PBXBuildFile; fileRef = 349D128C2139B3FC00E8D7B8 /* HistoryViewController.swift */; };
		349D12962139B3FC00E8D7B8 /* GenerateViewController.swift in Sources */ = {isa = PBXBuildFile; fileRef = 349D128E2139B3FC00E8D7B8 /* GenerateViewController.swift */; };
		349D12972139B3FC00E8D7B8 /* Generate.storyboard in Resources */ = {isa = PBXBuildFile; fileRef = 349D128F2139B3FC00E8D7B8 /* Generate.storyboard */; };
		349D12992139B46A00E8D7B8 /* Settings.bundle in Resources */ = {isa = PBXBuildFile; fileRef = 349D12982139B46A00E8D7B8 /* Settings.bundle */; };
		349D129C2139B51B00E8D7B8 /* PosterViewController.swift in Sources */ = {isa = PBXBuildFile; fileRef = 349D129B2139B51B00E8D7B8 /* PosterViewController.swift */; };
		349D129E2139B53400E8D7B8 /* PosterViewController.storyboard in Resources */ = {isa = PBXBuildFile; fileRef = 349D129D2139B53400E8D7B8 /* PosterViewController.storyboard */; };
		34DBDD0B1F127FAF001FCEEE /* AppDelegate.swift in Sources */ = {isa = PBXBuildFile; fileRef = 34DBDD0A1F127FAF001FCEEE /* AppDelegate.swift */; };
		34DBDD121F127FAF001FCEEE /* Assets.xcassets in Resources */ = {isa = PBXBuildFile; fileRef = 34DBDD111F127FAF001FCEEE /* Assets.xcassets */; };
		34DBDD151F127FAF001FCEEE /* LaunchScreen.storyboard in Resources */ = {isa = PBXBuildFile; fileRef = 34DBDD131F127FAF001FCEEE /* LaunchScreen.storyboard */; };
/* End PBXBuildFile section */

/* Begin PBXFileReference section */
		34390379213846DF005FCB75 /* InspiroBotAPI.swift */ = {isa = PBXFileReference; lastKnownFileType = sourcecode.swift; path = InspiroBotAPI.swift; sourceTree = "<group>"; };
		3439037D21384CB8005FCB75 /* ImageLoader.swift */ = {isa = PBXFileReference; lastKnownFileType = sourcecode.swift; path = ImageLoader.swift; sourceTree = "<group>"; };
		3439037F21386598005FCB75 /* InspiroBotService.swift */ = {isa = PBXFileReference; lastKnownFileType = sourcecode.swift; path = InspiroBotService.swift; sourceTree = "<group>"; };
		349D12872139B3FC00E8D7B8 /* FavoritesViewController.swift */ = {isa = PBXFileReference; fileEncoding = 4; lastKnownFileType = sourcecode.swift; path = FavoritesViewController.swift; sourceTree = "<group>"; };
		349D12882139B3FC00E8D7B8 /* Favorites.storyboard */ = {isa = PBXFileReference; fileEncoding = 4; lastKnownFileType = file.storyboard; path = Favorites.storyboard; sourceTree = "<group>"; };
		349D12892139B3FC00E8D7B8 /* Main.storyboard */ = {isa = PBXFileReference; fileEncoding = 4; lastKnownFileType = file.storyboard; path = Main.storyboard; sourceTree = "<group>"; };
		349D128B2139B3FC00E8D7B8 /* History.storyboard */ = {isa = PBXFileReference; fileEncoding = 4; lastKnownFileType = file.storyboard; path = History.storyboard; sourceTree = "<group>"; };
		349D128C2139B3FC00E8D7B8 /* HistoryViewController.swift */ = {isa = PBXFileReference; fileEncoding = 4; lastKnownFileType = sourcecode.swift; path = HistoryViewController.swift; sourceTree = "<group>"; };
		349D128E2139B3FC00E8D7B8 /* GenerateViewController.swift */ = {isa = PBXFileReference; fileEncoding = 4; lastKnownFileType = sourcecode.swift; path = GenerateViewController.swift; sourceTree = "<group>"; };
		349D128F2139B3FC00E8D7B8 /* Generate.storyboard */ = {isa = PBXFileReference; fileEncoding = 4; lastKnownFileType = file.storyboard; path = Generate.storyboard; sourceTree = "<group>"; };
		349D12982139B46A00E8D7B8 /* Settings.bundle */ = {isa = PBXFileReference; lastKnownFileType = "wrapper.plug-in"; path = Settings.bundle; sourceTree = "<group>"; };
		349D129B2139B51B00E8D7B8 /* PosterViewController.swift */ = {isa = PBXFileReference; lastKnownFileType = sourcecode.swift; path = PosterViewController.swift; sourceTree = "<group>"; };
		349D129D2139B53400E8D7B8 /* PosterViewController.storyboard */ = {isa = PBXFileReference; lastKnownFileType = file.storyboard; path = PosterViewController.storyboard; sourceTree = "<group>"; };
		34DBDD071F127FAF001FCEEE /* InspiroBot.app */ = {isa = PBXFileReference; explicitFileType = wrapper.application; includeInIndex = 0; path = InspiroBot.app; sourceTree = BUILT_PRODUCTS_DIR; };
		34DBDD0A1F127FAF001FCEEE /* AppDelegate.swift */ = {isa = PBXFileReference; lastKnownFileType = sourcecode.swift; path = AppDelegate.swift; sourceTree = "<group>"; };
		34DBDD111F127FAF001FCEEE /* Assets.xcassets */ = {isa = PBXFileReference; lastKnownFileType = folder.assetcatalog; path = Assets.xcassets; sourceTree = "<group>"; };
		34DBDD141F127FAF001FCEEE /* Base */ = {isa = PBXFileReference; lastKnownFileType = file.storyboard; name = Base; path = Base.lproj/LaunchScreen.storyboard; sourceTree = "<group>"; };
		34DBDD161F127FAF001FCEEE /* Info.plist */ = {isa = PBXFileReference; lastKnownFileType = text.plist.xml; path = Info.plist; sourceTree = "<group>"; };
/* End PBXFileReference section */

/* Begin PBXFrameworksBuildPhase section */
		34DBDD041F127FAF001FCEEE /* Frameworks */ = {
			isa = PBXFrameworksBuildPhase;
			buildActionMask = 2147483647;
			files = (
			);
			runOnlyForDeploymentPostprocessing = 0;
		};
/* End PBXFrameworksBuildPhase section */

/* Begin PBXGroup section */
		3415A6991F12813D00190EE6 /* Resources */ = {
			isa = PBXGroup;
			children = (
				349D12982139B46A00E8D7B8 /* Settings.bundle */,
				34DBDD111F127FAF001FCEEE /* Assets.xcassets */,
				34DBDD131F127FAF001FCEEE /* LaunchScreen.storyboard */,
				34DBDD161F127FAF001FCEEE /* Info.plist */,
			);
			name = Resources;
			sourceTree = "<group>";
		};
		34390378213846B0005FCB75 /* API */ = {
			isa = PBXGroup;
			children = (
				34390379213846DF005FCB75 /* InspiroBotAPI.swift */,
				3439037D21384CB8005FCB75 /* ImageLoader.swift */,
				3439037F21386598005FCB75 /* InspiroBotService.swift */,
			);
			path = API;
			sourceTree = "<group>";
		};
		349D12842139B3FC00E8D7B8 /* Features */ = {
			isa = PBXGroup;
			children = (
				349D12892139B3FC00E8D7B8 /* Main.storyboard */,
				349D128D2139B3FC00E8D7B8 /* Generate */,
				349D128A2139B3FC00E8D7B8 /* History */,
				349D12862139B3FC00E8D7B8 /* Favorites */,
				349D129A2139B4E400E8D7B8 /* Poster */,
			);
			path = Features;
			sourceTree = "<group>";
		};
		349D12862139B3FC00E8D7B8 /* Favorites */ = {
			isa = PBXGroup;
			children = (
				349D12882139B3FC00E8D7B8 /* Favorites.storyboard */,
				349D12872139B3FC00E8D7B8 /* FavoritesViewController.swift */,
			);
			path = Favorites;
			sourceTree = "<group>";
		};
		349D128A2139B3FC00E8D7B8 /* History */ = {
			isa = PBXGroup;
			children = (
				349D128B2139B3FC00E8D7B8 /* History.storyboard */,
				349D128C2139B3FC00E8D7B8 /* HistoryViewController.swift */,
			);
			path = History;
			sourceTree = "<group>";
		};
		349D128D2139B3FC00E8D7B8 /* Generate */ = {
			isa = PBXGroup;
			children = (
				349D128F2139B3FC00E8D7B8 /* Generate.storyboard */,
				349D128E2139B3FC00E8D7B8 /* GenerateViewController.swift */,
			);
			path = Generate;
			sourceTree = "<group>";
		};
		349D129A2139B4E400E8D7B8 /* Poster */ = {
			isa = PBXGroup;
			children = (
				349D129D2139B53400E8D7B8 /* PosterViewController.storyboard */,
				349D129B2139B51B00E8D7B8 /* PosterViewController.swift */,
			);
			path = Poster;
			sourceTree = "<group>";
		};
		34DBDCFE1F127FAF001FCEEE = {
			isa = PBXGroup;
			children = (
				34DBDD091F127FAF001FCEEE /* InspiroBot */,
				34DBDD081F127FAF001FCEEE /* Products */,
			);
			sourceTree = "<group>";
		};
		34DBDD081F127FAF001FCEEE /* Products */ = {
			isa = PBXGroup;
			children = (
				34DBDD071F127FAF001FCEEE /* InspiroBot.app */,
			);
			name = Products;
			sourceTree = "<group>";
		};
		34DBDD091F127FAF001FCEEE /* InspiroBot */ = {
			isa = PBXGroup;
			children = (
				34DBDD0A1F127FAF001FCEEE /* AppDelegate.swift */,
				34390378213846B0005FCB75 /* API */,
				349D12842139B3FC00E8D7B8 /* Features */,
				3415A6991F12813D00190EE6 /* Resources */,
			);
			path = InspiroBot;
			sourceTree = "<group>";
		};
/* End PBXGroup section */

/* Begin PBXNativeTarget section */
		34DBDD061F127FAF001FCEEE /* InspiroBot */ = {
			isa = PBXNativeTarget;
			buildConfigurationList = 34DBDD191F127FAF001FCEEE /* Build configuration list for PBXNativeTarget "InspiroBot" */;
			buildPhases = (
				34DBDD031F127FAF001FCEEE /* Sources */,
				34DBDD041F127FAF001FCEEE /* Frameworks */,
				34DBDD051F127FAF001FCEEE /* Resources */,
			);
			buildRules = (
			);
			dependencies = (
			);
			name = InspiroBot;
			productName = InspiroBot;
			productReference = 34DBDD071F127FAF001FCEEE /* InspiroBot.app */;
			productType = "com.apple.product-type.application";
		};
/* End PBXNativeTarget section */

/* Begin PBXProject section */
		34DBDCFF1F127FAF001FCEEE /* Project object */ = {
			isa = PBXProject;
			attributes = {
				LastSwiftUpdateCheck = 0830;
				LastUpgradeCheck = 0940;
				ORGANIZATIONNAME = "Matt Jones";
				TargetAttributes = {
					34DBDD061F127FAF001FCEEE = {
						CreatedOnToolsVersion = 8.3.3;
						DevelopmentTeam = E5CQS5463W;
						LastSwiftMigration = 0940;
						ProvisioningStyle = Automatic;
					};
				};
			};
			buildConfigurationList = 34DBDD021F127FAF001FCEEE /* Build configuration list for PBXProject "InspiroBot" */;
			compatibilityVersion = "Xcode 3.2";
			developmentRegion = English;
			hasScannedForEncodings = 0;
			knownRegions = (
				en,
				Base,
			);
			mainGroup = 34DBDCFE1F127FAF001FCEEE;
			productRefGroup = 34DBDD081F127FAF001FCEEE /* Products */;
			projectDirPath = "";
			projectRoot = "";
			targets = (
				34DBDD061F127FAF001FCEEE /* InspiroBot */,
			);
		};
/* End PBXProject section */

/* Begin PBXResourcesBuildPhase section */
		34DBDD051F127FAF001FCEEE /* Resources */ = {
			isa = PBXResourcesBuildPhase;
			buildActionMask = 2147483647;
			files = (
				349D12992139B46A00E8D7B8 /* Settings.bundle in Resources */,
				34DBDD151F127FAF001FCEEE /* LaunchScreen.storyboard in Resources */,
				349D129E2139B53400E8D7B8 /* PosterViewController.storyboard in Resources */,
				349D12942139B3FC00E8D7B8 /* History.storyboard in Resources */,
				34DBDD121F127FAF001FCEEE /* Assets.xcassets in Resources */,
				349D12932139B3FC00E8D7B8 /* Main.storyboard in Resources */,
				349D12972139B3FC00E8D7B8 /* Generate.storyboard in Resources */,
				349D12922139B3FC00E8D7B8 /* Favorites.storyboard in Resources */,
			);
			runOnlyForDeploymentPostprocessing = 0;
		};
/* End PBXResourcesBuildPhase section */

/* Begin PBXSourcesBuildPhase section */
		34DBDD031F127FAF001FCEEE /* Sources */ = {
			isa = PBXSourcesBuildPhase;
			buildActionMask = 2147483647;
			files = (
				34DBDD0B1F127FAF001FCEEE /* AppDelegate.swift in Sources */,
				349D129C2139B51B00E8D7B8 /* PosterViewController.swift in Sources */,
				3439038021386598005FCB75 /* InspiroBotService.swift in Sources */,
				3439037E21384CB8005FCB75 /* ImageLoader.swift in Sources */,
				349D12952139B3FC00E8D7B8 /* HistoryViewController.swift in Sources */,
				349D12912139B3FC00E8D7B8 /* FavoritesViewController.swift in Sources */,
				3439037A213846DF005FCB75 /* InspiroBotAPI.swift in Sources */,
				349D12962139B3FC00E8D7B8 /* GenerateViewController.swift in Sources */,
			);
			runOnlyForDeploymentPostprocessing = 0;
		};
/* End PBXSourcesBuildPhase section */

/* Begin PBXVariantGroup section */
		34DBDD131F127FAF001FCEEE /* LaunchScreen.storyboard */ = {
			isa = PBXVariantGroup;
			children = (
				34DBDD141F127FAF001FCEEE /* Base */,
			);
			name = LaunchScreen.storyboard;
			sourceTree = "<group>";
		};
/* End PBXVariantGroup section */

/* Begin XCBuildConfiguration section */
		34DBDD171F127FAF001FCEEE /* Debug */ = {
			isa = XCBuildConfiguration;
			buildSettings = {
				ALWAYS_SEARCH_USER_PATHS = NO;
				CLANG_ANALYZER_NONNULL = YES;
				CLANG_ANALYZER_NUMBER_OBJECT_CONVERSION = YES_AGGRESSIVE;
				CLANG_CXX_LANGUAGE_STANDARD = "gnu++0x";
				CLANG_CXX_LIBRARY = "libc++";
				CLANG_ENABLE_MODULES = YES;
				CLANG_ENABLE_OBJC_ARC = YES;
				CLANG_WARN_BLOCK_CAPTURE_AUTORELEASING = YES;
				CLANG_WARN_BOOL_CONVERSION = YES;
				CLANG_WARN_COMMA = YES;
				CLANG_WARN_CONSTANT_CONVERSION = YES;
				CLANG_WARN_DEPRECATED_OBJC_IMPLEMENTATIONS = YES;
				CLANG_WARN_DIRECT_OBJC_ISA_USAGE = YES_ERROR;
				CLANG_WARN_DOCUMENTATION_COMMENTS = YES;
				CLANG_WARN_EMPTY_BODY = YES;
				CLANG_WARN_ENUM_CONVERSION = YES;
				CLANG_WARN_INFINITE_RECURSION = YES;
				CLANG_WARN_INT_CONVERSION = YES;
				CLANG_WARN_NON_LITERAL_NULL_CONVERSION = YES;
				CLANG_WARN_OBJC_IMPLICIT_RETAIN_SELF = YES;
				CLANG_WARN_OBJC_LITERAL_CONVERSION = YES;
				CLANG_WARN_OBJC_ROOT_CLASS = YES_ERROR;
				CLANG_WARN_RANGE_LOOP_ANALYSIS = YES;
				CLANG_WARN_STRICT_PROTOTYPES = YES;
				CLANG_WARN_SUSPICIOUS_MOVE = YES;
				CLANG_WARN_UNREACHABLE_CODE = YES;
				CLANG_WARN__DUPLICATE_METHOD_MATCH = YES;
				"CODE_SIGN_IDENTITY[sdk=iphoneos*]" = "iPhone Developer";
				COPY_PHASE_STRIP = NO;
				DEBUG_INFORMATION_FORMAT = dwarf;
				ENABLE_STRICT_OBJC_MSGSEND = YES;
				ENABLE_TESTABILITY = YES;
				GCC_C_LANGUAGE_STANDARD = gnu99;
				GCC_DYNAMIC_NO_PIC = NO;
				GCC_NO_COMMON_BLOCKS = YES;
				GCC_OPTIMIZATION_LEVEL = 0;
				GCC_PREPROCESSOR_DEFINITIONS = (
					"DEBUG=1",
					"$(inherited)",
				);
				GCC_WARN_64_TO_32_BIT_CONVERSION = YES;
				GCC_WARN_ABOUT_RETURN_TYPE = YES_ERROR;
				GCC_WARN_UNDECLARED_SELECTOR = YES;
				GCC_WARN_UNINITIALIZED_AUTOS = YES_AGGRESSIVE;
				GCC_WARN_UNUSED_FUNCTION = YES;
				GCC_WARN_UNUSED_VARIABLE = YES;
				IPHONEOS_DEPLOYMENT_TARGET = 11.4;
				MTL_ENABLE_DEBUG_INFO = YES;
				ONLY_ACTIVE_ARCH = YES;
				SDKROOT = iphoneos;
				SWIFT_ACTIVE_COMPILATION_CONDITIONS = DEBUG;
				SWIFT_OPTIMIZATION_LEVEL = "-Onone";
				TARGETED_DEVICE_FAMILY = "1,2";
			};
			name = Debug;
		};
		34DBDD181F127FAF001FCEEE /* Release */ = {
			isa = XCBuildConfiguration;
			buildSettings = {
				ALWAYS_SEARCH_USER_PATHS = NO;
				CLANG_ANALYZER_NONNULL = YES;
				CLANG_ANALYZER_NUMBER_OBJECT_CONVERSION = YES_AGGRESSIVE;
				CLANG_CXX_LANGUAGE_STANDARD = "gnu++0x";
				CLANG_CXX_LIBRARY = "libc++";
				CLANG_ENABLE_MODULES = YES;
				CLANG_ENABLE_OBJC_ARC = YES;
				CLANG_WARN_BLOCK_CAPTURE_AUTORELEASING = YES;
				CLANG_WARN_BOOL_CONVERSION = YES;
				CLANG_WARN_COMMA = YES;
				CLANG_WARN_CONSTANT_CONVERSION = YES;
				CLANG_WARN_DEPRECATED_OBJC_IMPLEMENTATIONS = YES;
				CLANG_WARN_DIRECT_OBJC_ISA_USAGE = YES_ERROR;
				CLANG_WARN_DOCUMENTATION_COMMENTS = YES;
				CLANG_WARN_EMPTY_BODY = YES;
				CLANG_WARN_ENUM_CONVERSION = YES;
				CLANG_WARN_INFINITE_RECURSION = YES;
				CLANG_WARN_INT_CONVERSION = YES;
				CLANG_WARN_NON_LITERAL_NULL_CONVERSION = YES;
				CLANG_WARN_OBJC_IMPLICIT_RETAIN_SELF = YES;
				CLANG_WARN_OBJC_LITERAL_CONVERSION = YES;
				CLANG_WARN_OBJC_ROOT_CLASS = YES_ERROR;
				CLANG_WARN_RANGE_LOOP_ANALYSIS = YES;
				CLANG_WARN_STRICT_PROTOTYPES = YES;
				CLANG_WARN_SUSPICIOUS_MOVE = YES;
				CLANG_WARN_UNREACHABLE_CODE = YES;
				CLANG_WARN__DUPLICATE_METHOD_MATCH = YES;
				"CODE_SIGN_IDENTITY[sdk=iphoneos*]" = "iPhone Developer";
				COPY_PHASE_STRIP = NO;
				DEBUG_INFORMATION_FORMAT = "dwarf-with-dsym";
				ENABLE_NS_ASSERTIONS = NO;
				ENABLE_STRICT_OBJC_MSGSEND = YES;
				GCC_C_LANGUAGE_STANDARD = gnu99;
				GCC_NO_COMMON_BLOCKS = YES;
				GCC_WARN_64_TO_32_BIT_CONVERSION = YES;
				GCC_WARN_ABOUT_RETURN_TYPE = YES_ERROR;
				GCC_WARN_UNDECLARED_SELECTOR = YES;
				GCC_WARN_UNINITIALIZED_AUTOS = YES_AGGRESSIVE;
				GCC_WARN_UNUSED_FUNCTION = YES;
				GCC_WARN_UNUSED_VARIABLE = YES;
				IPHONEOS_DEPLOYMENT_TARGET = 11.4;
				MTL_ENABLE_DEBUG_INFO = NO;
				SDKROOT = iphoneos;
				SWIFT_OPTIMIZATION_LEVEL = "-Owholemodule";
				TARGETED_DEVICE_FAMILY = "1,2";
				VALIDATE_PRODUCT = YES;
			};
			name = Release;
		};
		34DBDD1A1F127FAF001FCEEE /* Debug */ = {
			isa = XCBuildConfiguration;
			buildSettings = {
				ASSETCATALOG_COMPILER_APPICON_NAME = AppIcon;
				DEVELOPMENT_TEAM = E5CQS5463W;
				INFOPLIST_FILE = InspiroBot/Info.plist;
				LD_RUNPATH_SEARCH_PATHS = "$(inherited) @executable_path/Frameworks";
				PRODUCT_BUNDLE_IDENTIFIER = com.jones.matt.InspiroBot;
				PRODUCT_NAME = "$(TARGET_NAME)";
				SWIFT_VERSION = 4.0;
				TARGETED_DEVICE_FAMILY = 1;
			};
			name = Debug;
		};
		34DBDD1B1F127FAF001FCEEE /* Release */ = {
			isa = XCBuildConfiguration;
			buildSettings = {
				ASSETCATALOG_COMPILER_APPICON_NAME = AppIcon;
				DEVELOPMENT_TEAM = E5CQS5463W;
				INFOPLIST_FILE = InspiroBot/Info.plist;
				LD_RUNPATH_SEARCH_PATHS = "$(inherited) @executable_path/Frameworks";
				PRODUCT_BUNDLE_IDENTIFIER = com.jones.matt.InspiroBot;
				PRODUCT_NAME = "$(TARGET_NAME)";
				SWIFT_VERSION = 4.0;
				TARGETED_DEVICE_FAMILY = 1;
			};
			name = Release;
		};
/* End XCBuildConfiguration section */

/* Begin XCConfigurationList section */
		34DBDD021F127FAF001FCEEE /* Build configuration list for PBXProject "InspiroBot" */ = {
			isa = XCConfigurationList;
			buildConfigurations = (
				34DBDD171F127FAF001FCEEE /* Debug */,
				34DBDD181F127FAF001FCEEE /* Release */,
			);
			defaultConfigurationIsVisible = 0;
			defaultConfigurationName = Release;
		};
		34DBDD191F127FAF001FCEEE /* Build configuration list for PBXNativeTarget "InspiroBot" */ = {
			isa = XCConfigurationList;
			buildConfigurations = (
				34DBDD1A1F127FAF001FCEEE /* Debug */,
				34DBDD1B1F127FAF001FCEEE /* Release */,
			);
			defaultConfigurationIsVisible = 0;
			defaultConfigurationName = Release;
		};
/* End XCConfigurationList section */
	};
	rootObject = 34DBDCFF1F127FAF001FCEEE /* Project object */;
}
