// !$*UTF8*$!
{
	archiveVersion = 1;
	classes = {
	};
	objectVersion = 46;
	objects = {

/* Begin PBXBuildFile section */
		3415A69B1F12817E00190EE6 /* Main.storyboard in Resources */ = {isa = PBXBuildFile; fileRef = 3415A69A1F12817E00190EE6 /* Main.storyboard */; };
		3415A6A31F12831400190EE6 /* History.storyboard in Resources */ = {isa = PBXBuildFile; fileRef = 3415A6A21F12831400190EE6 /* History.storyboard */; };
		3415A6A51F1283AD00190EE6 /* Favorites.storyboard in Resources */ = {isa = PBXBuildFile; fileRef = 3415A6A41F1283AD00190EE6 /* Favorites.storyboard */; };
		3415A6A71F1285F000190EE6 /* Generate.storyboard in Resources */ = {isa = PBXBuildFile; fileRef = 3415A6A61F1285F000190EE6 /* Generate.storyboard */; };
		3415A6A91F128B1D00190EE6 /* Settings.bundle in Resources */ = {isa = PBXBuildFile; fileRef = 3415A6A81F128B1D00190EE6 /* Settings.bundle */; };
		34DBDD0B1F127FAF001FCEEE /* AppDelegate.swift in Sources */ = {isa = PBXBuildFile; fileRef = 34DBDD0A1F127FAF001FCEEE /* AppDelegate.swift */; };
		34DBDD121F127FAF001FCEEE /* Assets.xcassets in Resources */ = {isa = PBXBuildFile; fileRef = 34DBDD111F127FAF001FCEEE /* Assets.xcassets */; };
		34DBDD151F127FAF001FCEEE /* LaunchScreen.storyboard in Resources */ = {isa = PBXBuildFile; fileRef = 34DBDD131F127FAF001FCEEE /* LaunchScreen.storyboard */; };
/* End PBXBuildFile section */

/* Begin PBXFileReference section */
		3415A69A1F12817E00190EE6 /* Main.storyboard */ = {isa = PBXFileReference; fileEncoding = 4; lastKnownFileType = file.storyboard; name = Main.storyboard; path = Features/Main.storyboard; sourceTree = "<group>"; };
		3415A6A21F12831400190EE6 /* History.storyboard */ = {isa = PBXFileReference; fileEncoding = 4; lastKnownFileType = file.storyboard; name = History.storyboard; path = Features/History/History.storyboard; sourceTree = "<group>"; };
		3415A6A41F1283AD00190EE6 /* Favorites.storyboard */ = {isa = PBXFileReference; fileEncoding = 4; lastKnownFileType = file.storyboard; name = Favorites.storyboard; path = Features/Favorites/Favorites.storyboard; sourceTree = "<group>"; };
		3415A6A61F1285F000190EE6 /* Generate.storyboard */ = {isa = PBXFileReference; fileEncoding = 4; lastKnownFileType = file.storyboard; name = Generate.storyboard; path = Features/Generate/Generate.storyboard; sourceTree = "<group>"; };
		3415A6A81F128B1D00190EE6 /* Settings.bundle */ = {isa = PBXFileReference; lastKnownFileType = "wrapper.plug-in"; name = Settings.bundle; path = Features/Settings.bundle; sourceTree = "<group>"; };
		34DBDD071F127FAF001FCEEE /* InspiroBot.app */ = {isa = PBXFileReference; explicitFileType = wrapper.application; includeInIndex = 0; path = InspiroBot.app; sourceTree = BUILT_PRODUCTS_DIR; };
		34DBDD0A1F127FAF001FCEEE /* AppDelegate.swift */ = {isa = PBXFileReference; lastKnownFileType = sourcecode.swift; path = AppDelegate.swift; sourceTree = "<group>"; };
		34DBDD111F127FAF001FCEEE /* Assets.xcassets */ = {isa = PBXFileReference; lastKnownFileType = folder.assetcatalog; path = Assets.xcassets; sourceTree = "<group>"; };
		34DBDD141F127FAF001FCEEE /* Base */ = {isa = PBXFileReference; lastKnownFileType = file.storyboard; name = Base; path = Base.lproj/LaunchScreen.storyboard; sourceTree = "<group>"; };
		34DBDD161F127FAF001FCEEE /* Info.plist */ = {isa = PBXFileReference; lastKnownFileType = text.plist.xml; path = Info.plist; sourceTree = "<group>"; };
/* End PBXFileReference section */

/* Begin PBXFrameworksBuildPhase section */
		34DBDD041F127FAF001FCEEE /* Frameworks */ = {
			isa = PBXFrameworksBuildPhase;
			buildActionMask = 2147483647;
			files = (
			);
			runOnlyForDeploymentPostprocessing = 0;
		};
/* End PBXFrameworksBuildPhase section */

/* Begin PBXGroup section */
		3415A6981F12812B00190EE6 /* Features */ = {
			isa = PBXGroup;
			children = (
				3415A69A1F12817E00190EE6 /* Main.storyboard */,
				3415A69C1F1281CD00190EE6 /* Generate */,
				3415A69D1F1281D700190EE6 /* History */,
				3415A69E1F1281E400190EE6 /* Favorites */,
				3415A69F1F1281ED00190EE6 /* Details */,
			);
			name = Features;
			sourceTree = "<group>";
		};
		3415A6991F12813D00190EE6 /* Resources */ = {
			isa = PBXGroup;
			children = (
				3415A6A81F128B1D00190EE6 /* Settings.bundle */,
				34DBDD111F127FAF001FCEEE /* Assets.xcassets */,
				34DBDD131F127FAF001FCEEE /* LaunchScreen.storyboard */,
				34DBDD161F127FAF001FCEEE /* Info.plist */,
			);
			name = Resources;
			sourceTree = "<group>";
		};
		3415A69C1F1281CD00190EE6 /* Generate */ = {
			isa = PBXGroup;
			children = (
				3415A6A61F1285F000190EE6 /* Generate.storyboard */,
			);
			name = Generate;
			sourceTree = "<group>";
		};
		3415A69D1F1281D700190EE6 /* History */ = {
			isa = PBXGroup;
			children = (
				3415A6A21F12831400190EE6 /* History.storyboard */,
			);
			name = History;
			sourceTree = "<group>";
		};
		3415A69E1F1281E400190EE6 /* Favorites */ = {
			isa = PBXGroup;
			children = (
				3415A6A41F1283AD00190EE6 /* Favorites.storyboard */,
			);
			name = Favorites;
			sourceTree = "<group>";
		};
		3415A69F1F1281ED00190EE6 /* Details */ = {
			isa = PBXGroup;
			children = (
			);
			name = Details;
			sourceTree = "<group>";
		};
		34DBDCFE1F127FAF001FCEEE = {
			isa = PBXGroup;
			children = (
				34DBDD091F127FAF001FCEEE /* InspiroBot */,
				34DBDD081F127FAF001FCEEE /* Products */,
			);
			sourceTree = "<group>";
		};
		34DBDD081F127FAF001FCEEE /* Products */ = {
			isa = PBXGroup;
			children = (
				34DBDD071F127FAF001FCEEE /* InspiroBot.app */,
			);
			name = Products;
			sourceTree = "<group>";
		};
		34DBDD091F127FAF001FCEEE /* InspiroBot */ = {
			isa = PBXGroup;
			children = (
				34DBDD0A1F127FAF001FCEEE /* AppDelegate.swift */,
				3415A6981F12812B00190EE6 /* Features */,
				3415A6991F12813D00190EE6 /* Resources */,
			);
			path = InspiroBot;
			sourceTree = "<group>";
		};
/* End PBXGroup section */

/* Begin PBXNativeTarget section */
		34DBDD061F127FAF001FCEEE /* InspiroBot */ = {
			isa = PBXNativeTarget;
			buildConfigurationList = 34DBDD191F127FAF001FCEEE /* Build configuration list for PBXNativeTarget "InspiroBot" */;
			buildPhases = (
				34DBDD031F127FAF001FCEEE /* Sources */,
				34DBDD041F127FAF001FCEEE /* Frameworks */,
				34DBDD051F127FAF001FCEEE /* Resources */,
			);
			buildRules = (
			);
			dependencies = (
			);
			name = InspiroBot;
			productName = InspiroBot;
			productReference = 34DBDD071F127FAF001FCEEE /* InspiroBot.app */;
			productType = "com.apple.product-type.application";
		};
/* End PBXNativeTarget section */

/* Begin PBXProject section */
		34DBDCFF1F127FAF001FCEEE /* Project object */ = {
			isa = PBXProject;
			attributes = {
				LastSwiftUpdateCheck = 0830;
				LastUpgradeCheck = 0830;
				ORGANIZATIONNAME = "Matt Jones";
				TargetAttributes = {
					34DBDD061F127FAF001FCEEE = {
						CreatedOnToolsVersion = 8.3.3;
						DevelopmentTeam = E5CQS5463W;
						ProvisioningStyle = Automatic;
					};
				};
			};
			buildConfigurationList = 34DBDD021F127FAF001FCEEE /* Build configuration list for PBXProject "InspiroBot" */;
			compatibilityVersion = "Xcode 3.2";
			developmentRegion = English;
			hasScannedForEncodings = 0;
			knownRegions = (
				en,
				Base,
			);
			mainGroup = 34DBDCFE1F127FAF001FCEEE;
			productRefGroup = 34DBDD081F127FAF001FCEEE /* Products */;
			projectDirPath = "";
			projectRoot = "";
			targets = (
				34DBDD061F127FAF001FCEEE /* InspiroBot */,
			);
		};
/* End PBXProject section */

/* Begin PBXResourcesBuildPhase section */
		34DBDD051F127FAF001FCEEE /* Resources */ = {
			isa = PBXResourcesBuildPhase;
			buildActionMask = 2147483647;
			files = (
				3415A69B1F12817E00190EE6 /* Main.storyboard in Resources */,
				3415A6A71F1285F000190EE6 /* Generate.storyboard in Resources */,
				3415A6A51F1283AD00190EE6 /* Favorites.storyboard in Resources */,
				34DBDD151F127FAF001FCEEE /* LaunchScreen.storyboard in Resources */,
				3415A6A31F12831400190EE6 /* History.storyboard in Resources */,
				34DBDD121F127FAF001FCEEE /* Assets.xcassets in Resources */,
				3415A6A91F128B1D00190EE6 /* Settings.bundle in Resources */,
			);
			runOnlyForDeploymentPostprocessing = 0;
		};
/* End PBXResourcesBuildPhase section */

/* Begin PBXSourcesBuildPhase section */
		34DBDD031F127FAF001FCEEE /* Sources */ = {
			isa = PBXSourcesBuildPhase;
			buildActionMask = 2147483647;
			files = (
				34DBDD0B1F127FAF001FCEEE /* AppDelegate.swift in Sources */,
			);
			runOnlyForDeploymentPostprocessing = 0;
		};
/* End PBXSourcesBuildPhase section */

/* Begin PBXVariantGroup section */
		34DBDD131F127FAF001FCEEE /* LaunchScreen.storyboard */ = {
			isa = PBXVariantGroup;
			children = (
				34DBDD141F127FAF001FCEEE /* Base */,
			);
			name = LaunchScreen.storyboard;
			sourceTree = "<group>";
		};
/* End PBXVariantGroup section */

/* Begin XCBuildConfiguration section */
		34DBDD171F127FAF001FCEEE /* Debug */ = {
			isa = XCBuildConfiguration;
			buildSettings = {
				ALWAYS_SEARCH_USER_PATHS = NO;
				CLANG_ANALYZER_NONNULL = YES;
				CLANG_ANALYZER_NUMBER_OBJECT_CONVERSION = YES_AGGRESSIVE;
				CLANG_CXX_LANGUAGE_STANDARD = "gnu++0x";
				CLANG_CXX_LIBRARY = "libc++";
				CLANG_ENABLE_MODULES = YES;
				CLANG_ENABLE_OBJC_ARC = YES;
				CLANG_WARN_BOOL_CONVERSION = YES;
				CLANG_WARN_CONSTANT_CONVERSION = YES;
				CLANG_WARN_DIRECT_OBJC_ISA_USAGE = YES_ERROR;
				CLANG_WARN_DOCUMENTATION_COMMENTS = YES;
				CLANG_WARN_EMPTY_BODY = YES;
				CLANG_WARN_ENUM_CONVERSION = YES;
				CLANG_WARN_INFINITE_RECURSION = YES;
				CLANG_WARN_INT_CONVERSION = YES;
				CLANG_WARN_OBJC_ROOT_CLASS = YES_ERROR;
				CLANG_WARN_SUSPICIOUS_MOVE = YES;
				CLANG_WARN_UNREACHABLE_CODE = YES;
				CLANG_WARN__DUPLICATE_METHOD_MATCH = YES;
				"CODE_SIGN_IDENTITY[sdk=iphoneos*]" = "iPhone Developer";
				COPY_PHASE_STRIP = NO;
				DEBUG_INFORMATION_FORMAT = dwarf;
				ENABLE_STRICT_OBJC_MSGSEND = YES;
				ENABLE_TESTABILITY = YES;
				GCC_C_LANGUAGE_STANDARD = gnu99;
				GCC_DYNAMIC_NO_PIC = NO;
				GCC_NO_COMMON_BLOCKS = YES;
				GCC_OPTIMIZATION_LEVEL = 0;
				GCC_PREPROCESSOR_DEFINITIONS = (
					"DEBUG=1",
					"$(inherited)",
				);
				GCC_WARN_64_TO_32_BIT_CONVERSION = YES;
				GCC_WARN_ABOUT_RETURN_TYPE = YES_ERROR;
				GCC_WARN_UNDECLARED_SELECTOR = YES;
				GCC_WARN_UNINITIALIZED_AUTOS = YES_AGGRESSIVE;
				GCC_WARN_UNUSED_FUNCTION = YES;
				GCC_WARN_UNUSED_VARIABLE = YES;
				IPHONEOS_DEPLOYMENT_TARGET = 10.3;
				MTL_ENABLE_DEBUG_INFO = YES;
				ONLY_ACTIVE_ARCH = YES;
				SDKROOT = iphoneos;
				SWIFT_ACTIVE_COMPILATION_CONDITIONS = DEBUG;
				SWIFT_OPTIMIZATION_LEVEL = "-Onone";
				TARGETED_DEVICE_FAMILY = "1,2";
			};
			name = Debug;
		};
		34DBDD181F127FAF001FCEEE /* Release */ = {
			isa = XCBuildConfiguration;
			buildSettings = {
				ALWAYS_SEARCH_USER_PATHS = NO;
				CLANG_ANALYZER_NONNULL = YES;
				CLANG_ANALYZER_NUMBER_OBJECT_CONVERSION = YES_AGGRESSIVE;
				CLANG_CXX_LANGUAGE_STANDARD = "gnu++0x";
				CLANG_CXX_LIBRARY = "libc++";
				CLANG_ENABLE_MODULES = YES;
				CLANG_ENABLE_OBJC_ARC = YES;
				CLANG_WARN_BOOL_CONVERSION = YES;
				CLANG_WARN_CONSTANT_CONVERSION = YES;
				CLANG_WARN_DIRECT_OBJC_ISA_USAGE = YES_ERROR;
				CLANG_WARN_DOCUMENTATION_COMMENTS = YES;
				CLANG_WARN_EMPTY_BODY = YES;
				CLANG_WARN_ENUM_CONVERSION = YES;
				CLANG_WARN_INFINITE_RECURSION = YES;
				CLANG_WARN_INT_CONVERSION = YES;
				CLANG_WARN_OBJC_ROOT_CLASS = YES_ERROR;
				CLANG_WARN_SUSPICIOUS_MOVE = YES;
				CLANG_WARN_UNREACHABLE_CODE = YES;
				CLANG_WARN__DUPLICATE_METHOD_MATCH = YES;
				"CODE_SIGN_IDENTITY[sdk=iphoneos*]" = "iPhone Developer";
				COPY_PHASE_STRIP = NO;
				DEBUG_INFORMATION_FORMAT = "dwarf-with-dsym";
				ENABLE_NS_ASSERTIONS = NO;
				ENABLE_STRICT_OBJC_MSGSEND = YES;
				GCC_C_LANGUAGE_STANDARD = gnu99;
				GCC_NO_COMMON_BLOCKS = YES;
				GCC_WARN_64_TO_32_BIT_CONVERSION = YES;
				GCC_WARN_ABOUT_RETURN_TYPE = YES_ERROR;
				GCC_WARN_UNDECLARED_SELECTOR = YES;
				GCC_WARN_UNINITIALIZED_AUTOS = YES_AGGRESSIVE;
				GCC_WARN_UNUSED_FUNCTION = YES;
				GCC_WARN_UNUSED_VARIABLE = YES;
				IPHONEOS_DEPLOYMENT_TARGET = 10.3;
				MTL_ENABLE_DEBUG_INFO = NO;
				SDKROOT = iphoneos;
				SWIFT_OPTIMIZATION_LEVEL = "-Owholemodule";
				TARGETED_DEVICE_FAMILY = "1,2";
				VALIDATE_PRODUCT = YES;
			};
			name = Release;
		};
		34DBDD1A1F127FAF001FCEEE /* Debug */ = {
			isa = XCBuildConfiguration;
			buildSettings = {
				ASSETCATALOG_COMPILER_APPICON_NAME = AppIcon;
				DEVELOPMENT_TEAM = E5CQS5463W;
				INFOPLIST_FILE = InspiroBot/Info.plist;
				LD_RUNPATH_SEARCH_PATHS = "$(inherited) @executable_path/Frameworks";
				PRODUCT_BUNDLE_IDENTIFIER = com.jones.matt.InspiroBot;
				PRODUCT_NAME = "$(TARGET_NAME)";
				SWIFT_VERSION = 3.0;
			};
			name = Debug;
		};
		34DBDD1B1F127FAF001FCEEE /* Release */ = {
			isa = XCBuildConfiguration;
			buildSettings = {
				ASSETCATALOG_COMPILER_APPICON_NAME = AppIcon;
				DEVELOPMENT_TEAM = E5CQS5463W;
				INFOPLIST_FILE = InspiroBot/Info.plist;
				LD_RUNPATH_SEARCH_PATHS = "$(inherited) @executable_path/Frameworks";
				PRODUCT_BUNDLE_IDENTIFIER = com.jones.matt.InspiroBot;
				PRODUCT_NAME = "$(TARGET_NAME)";
				SWIFT_VERSION = 3.0;
			};
			name = Release;
		};
/* End XCBuildConfiguration section */

/* Begin XCConfigurationList section */
		34DBDD021F127FAF001FCEEE /* Build configuration list for PBXProject "InspiroBot" */ = {
			isa = XCConfigurationList;
			buildConfigurations = (
				34DBDD171F127FAF001FCEEE /* Debug */,
				34DBDD181F127FAF001FCEEE /* Release */,
			);
			defaultConfigurationIsVisible = 0;
			defaultConfigurationName = Release;
		};
		34DBDD191F127FAF001FCEEE /* Build configuration list for PBXNativeTarget "InspiroBot" */ = {
			isa = XCConfigurationList;
			buildConfigurations = (
				34DBDD1A1F127FAF001FCEEE /* Debug */,
				34DBDD1B1F127FAF001FCEEE /* Release */,
			);
			defaultConfigurationIsVisible = 0;
			defaultConfigurationName = Release;
		};
/* End XCConfigurationList section */
	};
	rootObject = 34DBDCFF1F127FAF001FCEEE /* Project object */;
}
